
Microsoft Visual Studio Solution File, Format Version 12.00
# Visual Studio 15
VisualStudioVersion = 15.0.27130.2036
MinimumVisualStudioVersion = 10.0.40219.1
Project("{FAE04EC0-301F-11D3-BF4B-00C04F79EFBC}") = "ContosoUniversity", "ContosoUniversity\ContosoUniversity.csproj", "{4296F652-229D-4CE7-82F4-5AB03E9AF125}"
EndProject
Project("{FAE04EC0-301F-11D3-BF4B-00C04F79EFBC}") = "ContosoUniversity.Tests", "ContosoUniversity.Tests\ContosoUniversity.Tests.csproj", "{CC1FB453-B363-4CAE-92D9-377DE2CD2D5B}"
EndProject
Global
	GlobalSection(SolutionConfigurationPlatforms) = preSolution
		Debug|Any CPU = Debug|Any CPU
		Release|Any CPU = Release|Any CPU
	EndGlobalSection
	GlobalSection(ProjectConfigurationPlatforms) = postSolution
		{4296F652-229D-4CE7-82F4-5AB03E9AF125}.Debug|Any CPU.ActiveCfg = Debug|Any CPU
		{4296F652-229D-4CE7-82F4-5AB03E9AF125}.Debug|Any CPU.Build.0 = Debug|Any CPU
		{4296F652-229D-4CE7-82F4-5AB03E9AF125}.Release|Any CPU.ActiveCfg = Release|Any CPU
		{4296F652-229D-4CE7-82F4-5AB03E9AF125}.Release|Any CPU.Build.0 = Release|Any CPU
		{CC1FB453-B363-4CAE-92D9-377DE2CD2D5B}.Debug|Any CPU.ActiveCfg = Debug|Any CPU
		{CC1FB453-B363-4CAE-92D9-377DE2CD2D5B}.Debug|Any CPU.Build.0 = Debug|Any CPU
		{CC1FB453-B363-4CAE-92D9-377DE2CD2D5B}.Release|Any CPU.ActiveCfg = Release|Any CPU
		{CC1FB453-B363-4CAE-92D9-377DE2CD2D5B}.Release|Any CPU.Build.0 = Release|Any CPU
	EndGlobalSection
	GlobalSection(SolutionProperties) = preSolution
		HideSolutionNode = FALSE
	EndGlobalSection
	GlobalSection(ExtensibilityGlobals) = postSolution
		SolutionGuid = {A5C0246D-0FFE-440D-BF79-AFC277DAE7CD}
	EndGlobalSection
EndGlobal
